
Microsoft Visual Studio Solution File, Format Version 12.00
# Visual Studio Version 17
VisualStudioVersion = 17.12.35527.113 d17.12
MinimumVisualStudioVersion = 10.0.40219.1
Project("{FAE04EC0-301F-11D3-BF4B-00C04F79EFBC}") = "Tetris", "Tetris\Tetris.csproj", "{EF720D5B-BAFF-4546-AFD6-305D3F3B9469}"
EndProject
Project("{2150E333-8FDC-42A3-9474-1A3956D46DE8}") = "Éléments de solution", "Éléments de solution", "{E8405E8C-D60B-4417-86BD-A1701D880E27}"
EndProject
Global
	GlobalSection(SolutionConfigurationPlatforms) = preSolution
		Debug|Any CPU = Debug|Any CPU
		Release|Any CPU = Release|Any CPU
	EndGlobalSection
	GlobalSection(ProjectConfigurationPlatforms) = postSolution
		{EF720D5B-BAFF-4546-AFD6-305D3F3B9469}.Debug|Any CPU.ActiveCfg = Debug|Any CPU
		{EF720D5B-BAFF-4546-AFD6-305D3F3B9469}.Debug|Any CPU.Build.0 = Debug|Any CPU
		{EF720D5B-BAFF-4546-AFD6-305D3F3B9469}.Release|Any CPU.ActiveCfg = Release|Any CPU
		{EF720D5B-BAFF-4546-AFD6-305D3F3B9469}.Release|Any CPU.Build.0 = Release|Any CPU
	EndGlobalSection
	GlobalSection(SolutionProperties) = preSolution
		HideSolutionNode = FALSE
	EndGlobalSection
	GlobalSection(ExtensibilityGlobals) = postSolution
		SolutionGuid = {C53F490A-4A33-49B7-92BF-700CAF9093E1}
	EndGlobalSection
EndGlobal
